<?xml version="1.0" encoding="utf-8"?>
<Project ToolsVersion="4.0" xmlns="http://schemas.microsoft.com/developer/msbuild/2003">
  <ItemGroup>
    <Filter Include="Source Files">
      <UniqueIdentifier>{32894ce9-05a5-4a96-b806-fa406e94339c}</UniqueIdentifier>
      <Extensions>cpp;c;cxx;rc;def;r;odl;idl;hpj;bat</Extensions>
    </Filter>
    <Filter Include="Source Files\Codec Source Files">
      <UniqueIdentifier>{9102d89f-f58f-465b-badc-e8e90d639c1f}</UniqueIdentifier>
    </Filter>
    <Filter Include="Source Files\Stream Source Files">
      <UniqueIdentifier>{547fb3ea-66d9-41a0-9bdc-bd4907f3e79d}</UniqueIdentifier>
    </Filter>
    <Filter Include="Header Files">
      <UniqueIdentifier>{8ccc8bd5-dc8e-4637-89fd-3257cc627070}</UniqueIdentifier>
      <Extensions>h;hpp;hxx;hm;inl</Extensions>
    </Filter>
    <Filter Include="Header Files\Codec Header Files">
      <UniqueIdentifier>{2c81ab43-0d9e-4f8c-b188-f2f1cb09db24}</UniqueIdentifier>
    </Filter>
    <Filter Include="Header Files\Stream Header Files">
      <UniqueIdentifier>{a13216e4-31fb-4d46-b42b-5f1220f899fc}</UniqueIdentifier>
    </Filter>
  </ItemGroup>
  <ItemGroup>
    <ClCompile Include="Athena.cpp">
      <Filter>Source Files</Filter>
    </ClCompile>
    <ClCompile Include="Athena_Ambiance.cpp">
      <Filter>Source Files</Filter>
    </ClCompile>
    <ClCompile Include="Athena_DLL.cpp">
      <Filter>Source Files</Filter>
    </ClCompile>
    <ClCompile Include="Athena_Environment.cpp">
      <Filter>Source Files</Filter>
    </ClCompile>
    <ClCompile Include="Athena_FileIO.cpp">
      <Filter>Source Files</Filter>
    </ClCompile>
    <ClCompile Include="Athena_Global.cpp">
      <Filter>Source Files</Filter>
    </ClCompile>
    <ClCompile Include="Athena_Instance.cpp">
      <Filter>Source Files</Filter>
    </ClCompile>
    <ClCompile Include="Athena_Mixer.cpp">
      <Filter>Source Files</Filter>
    </ClCompile>
    <ClCompile Include="Athena_Resource.cpp">
      <Filter>Source Files</Filter>
    </ClCompile>
    <ClCompile Include="Athena_Sample.cpp">
      <Filter>Source Files</Filter>
    </ClCompile>
    <ClCompile Include="Athena_Stream.cpp">
      <Filter>Source Files</Filter>
    </ClCompile>
    <ClCompile Include="Athena_Track.cpp">
      <Filter>Source Files</Filter>
    </ClCompile>
    <ClCompile Include="Athena_CoDec_ADPCM.cpp">
      <Filter>Source Files\Codec Source Files</Filter>
    </ClCompile>
    <ClCompile Include="Athena_Codec_RAW.cpp">
      <Filter>Source Files\Codec Source Files</Filter>
    </ClCompile>
    <ClCompile Include="Athena_Stream_ASF.cpp">
      <Filter>Source Files\Stream Source Files</Filter>
    </ClCompile>
    <ClCompile Include="Athena_Stream_WAV.cpp">
      <Filter>Source Files\Stream Source Files</Filter>
    </ClCompile>
  </ItemGroup>
  <ItemGroup>
    <ClInclude Include="Athena_Ambiance.h">
      <Filter>Header Files</Filter>
    </ClInclude>
    <ClInclude Include="Athena_Codec.h">
      <Filter>Header Files</Filter>
    </ClInclude>
    <ClInclude Include="Athena_Environment.h">
      <Filter>Header Files</Filter>
    </ClInclude>
    <ClInclude Include="Athena_FileIO.h">
      <Filter>Header Files</Filter>
    </ClInclude>
    <ClInclude Include="Athena_Global.h">
      <Filter>Header Files</Filter>
    </ClInclude>
    <ClInclude Include="Athena_Instance.h">
      <Filter>Header Files</Filter>
    </ClInclude>
    <ClInclude Include="Athena_Mixer.h">
      <Filter>Header Files</Filter>
    </ClInclude>
    <ClInclude Include="Athena_Resource.h">
      <Filter>Header Files</Filter>
    </ClInclude>
    <ClInclude Include="Athena_Sample.h">
      <Filter>Header Files</Filter>
    </ClInclude>
    <ClInclude Include="Athena_Stream.h">
      <Filter>Header Files</Filter>
    </ClInclude>
    <ClInclude Include="Athena_Codec_ADPCM.h">
      <Filter>Header Files\Codec Header Files</Filter>
    </ClInclude>
    <ClInclude Include="Athena_Codec_RAW.h">
      <Filter>Header Files\Codec Header Files</Filter>
    </ClInclude>
    <ClInclude Include="Athena_Stream_WAV.h">
      <Filter>Header Files\Stream Header Files</Filter>
    </ClInclude>
    <ClInclude Include="..\Include\Athena.h">
      <Filter>Header Files</Filter>
    </ClInclude>
    <ClInclude Include="..\Include\Athena_Types.h">
      <Filter>Header Files</Filter>
    </ClInclude>
  </ItemGroup>
  <ItemGroup>
    <CustomBuildStep Include="Athena_Track.h">
      <Filter>Header Files</Filter>
    </CustomBuildStep>
    <CustomBuildStep Include="Athena_Stream_ASF.h">
      <Filter>Header Files\Stream Header Files</Filter>
    </CustomBuildStep>
  </ItemGroup>
</Project>